
Microsoft Visual Studio Solution File, Format Version 12.00
# Visual Studio Version 16
VisualStudioVersion = 16.0.30104.148
MinimumVisualStudioVersion = 10.0.40219.1
Project("{8BC9CEB8-8B4A-11D0-8D11-00A0C91BC942}") = "MFCApplication1", "MFCApplication1\MFCApplication1.vcxproj", "{BAEDCE54-0277-4621-BE01-16E3925DC9B8}"
EndProject
Global
	GlobalSection(SolutionConfigurationPlatforms) = preSolution
		Debug|x64 = Debug|x64
		Debug|x86 = Debug|x86
		Release|x64 = Release|x64
		Release|x86 = Release|x86
	EndGlobalSection
	GlobalSection(ProjectConfigurationPlatforms) = postSolution
		{BAEDCE54-0277-4621-BE01-16E3925DC9B8}.Debug|x64.ActiveCfg = Debug|x64
		{BAEDCE54-0277-4621-BE01-16E3925DC9B8}.Debug|x64.Build.0 = Debug|x64
		{BAEDCE54-0277-4621-BE01-16E3925DC9B8}.Debug|x86.ActiveCfg = Debug|Win32
		{BAEDCE54-0277-4621-BE01-16E3925DC9B8}.Debug|x86.Build.0 = Debug|Win32
		{BAEDCE54-0277-4621-BE01-16E3925DC9B8}.Release|x64.ActiveCfg = Release|x64
		{BAEDCE54-0277-4621-BE01-16E3925DC9B8}.Release|x64.Build.0 = Release|x64
		{BAEDCE54-0277-4621-BE01-16E3925DC9B8}.Release|x86.ActiveCfg = Release|Win32
		{BAEDCE54-0277-4621-BE01-16E3925DC9B8}.Release|x86.Build.0 = Release|Win32
	EndGlobalSection
	GlobalSection(SolutionProperties) = preSolution
		HideSolutionNode = FALSE
	EndGlobalSection
	GlobalSection(ExtensibilityGlobals) = postSolution
		SolutionGuid = {D304381C-534F-4C97-980C-F3191C58A742}
	EndGlobalSection
EndGlobal
